
Microsoft Visual Studio Solution File, Format Version 12.00
# Visual Studio Version 16
VisualStudioVersion = 16.0.31019.35
MinimumVisualStudioVersion = 10.0.40219.1
Project("{9A19103F-16F7-4668-BE54-9A1E7A4F7556}") = "Stone_Red-C-Sharp-Utilities", "Stone_Red-C-Sharp-Utilities\Stone_Red-C-Sharp-Utilities.csproj", "{6765093D-4C7B-4E55-A46C-A4621287E91D}"
EndProject
Project("{FAE04EC0-301F-11D3-BF4B-00C04F79EFBC}") = "Stone_Red-C-Sharp-Utilities-Test", "Stone_Red-C-Sharp-Utilities-Test\Stone_Red-C-Sharp-Utilities-Test.csproj", "{673DAE9F-D54B-41AA-8B7E-F87A1D5D2F56}"
EndProject
Global
	GlobalSection(SolutionConfigurationPlatforms) = preSolution
		Debug|Any CPU = Debug|Any CPU
		Release|Any CPU = Release|Any CPU
	EndGlobalSection
	GlobalSection(ProjectConfigurationPlatforms) = postSolution
		{6765093D-4C7B-4E55-A46C-A4621287E91D}.Debug|Any CPU.ActiveCfg = Debug|Any CPU
		{6765093D-4C7B-4E55-A46C-A4621287E91D}.Debug|Any CPU.Build.0 = Debug|Any CPU
		{6765093D-4C7B-4E55-A46C-A4621287E91D}.Release|Any CPU.ActiveCfg = Release|Any CPU
		{6765093D-4C7B-4E55-A46C-A4621287E91D}.Release|Any CPU.Build.0 = Release|Any CPU
		{673DAE9F-D54B-41AA-8B7E-F87A1D5D2F56}.Debug|Any CPU.ActiveCfg = Debug|Any CPU
		{673DAE9F-D54B-41AA-8B7E-F87A1D5D2F56}.Debug|Any CPU.Build.0 = Debug|Any CPU
		{673DAE9F-D54B-41AA-8B7E-F87A1D5D2F56}.Release|Any CPU.ActiveCfg = Release|Any CPU
		{673DAE9F-D54B-41AA-8B7E-F87A1D5D2F56}.Release|Any CPU.Build.0 = Release|Any CPU
	EndGlobalSection
	GlobalSection(SolutionProperties) = preSolution
		HideSolutionNode = FALSE
	EndGlobalSection
	GlobalSection(ExtensibilityGlobals) = postSolution
		SolutionGuid = {46AD57C6-62DC-4651-8680-FBB4EA4DA648}
	EndGlobalSection
EndGlobal
